
Microsoft Visual Studio Solution File, Format Version 12.00
# Visual Studio Version 17
VisualStudioVersion = 17.14.36603.0 d17.14
MinimumVisualStudioVersion = 10.0.40219.1
Project("{FAE04EC0-301F-11D3-BF4B-00C04F79EFBC}") = "FitnessTracker", "FitnessTracker.csproj", "{283F60DD-B4A0-401C-A34F-FD472F2C0F40}"
EndProject
Global
	GlobalSection(SolutionConfigurationPlatforms) = preSolution
		Debug|Any CPU = Debug|Any CPU
		Release|Any CPU = Release|Any CPU
	EndGlobalSection
	GlobalSection(ProjectConfigurationPlatforms) = postSolution
		{283F60DD-B4A0-401C-A34F-FD472F2C0F40}.Debug|Any CPU.ActiveCfg = Debug|Any CPU
		{283F60DD-B4A0-401C-A34F-FD472F2C0F40}.Debug|Any CPU.Build.0 = Debug|Any CPU
		{283F60DD-B4A0-401C-A34F-FD472F2C0F40}.Release|Any CPU.ActiveCfg = Release|Any CPU
		{283F60DD-B4A0-401C-A34F-FD472F2C0F40}.Release|Any CPU.Build.0 = Release|Any CPU
	EndGlobalSection
	GlobalSection(SolutionProperties) = preSolution
		HideSolutionNode = FALSE
	EndGlobalSection
	GlobalSection(ExtensibilityGlobals) = postSolution
		SolutionGuid = {50A1125F-F3FE-49CB-AEF0-125DC8862406}
	EndGlobalSection
EndGlobal
